{
  "nodes": {
    "microvm": {
      "inputs": {
        "nixpkgs": [
          "nixpkgs"
        ],
        "spectrum": "spectrum"
      },
      "locked": {
        "lastModified": 1779641751,
        "narHash": "sha256-xSEiY1kZoCHX7bzeDe6fzwnaG9Mjd/WrJ4MEWJghI/Q=",
        "owner": "astro",
        "repo": "microvm.nix",
        "rev": "4fe5ab55ef830e4b2d82d37ef7a5aca6e7b0e5f8",
        "type": "github"
      },
      "original": {
        "owner": "astro",
        "repo": "microvm.nix",
        "type": "github"
      }
    },
    "nixos-fhs-compat": {
      "locked": {
        "lastModified": 1614380280,
        "narHash": "sha256-D+fgJ25woYVibCk8OgbPGh+p9bBwoloKAhFhWqRH43o=",
        "owner": "balsoft",
        "repo": "nixos-fhs-compat",
        "rev": "950882321fce2e5cd9b96c8e71624c173fd3ad6d",
        "type": "github"
      },
      "original": {
        "owner": "balsoft",
        "repo": "nixos-fhs-compat",
        "type": "github"
      }
    },
    "nixpkgs": {
      "locked": {
        "lastModified": 1614331273,
        "narHash": "sha256-OCfUR6LNNK4baiox7rwiE/KJjdcqDbsHvdGLRKnCUGk=",
        "owner": "NixOS",
        "repo": "nixpkgs",
        "rev": "6d7128414cf2763ab14f31365c21c6cec3547dac",
        "type": "github"
      },
      "original": {
        "id": "nixpkgs",
        "type": "indirect"
      }
    },
    "root": {
      "inputs": {
        "microvm": "microvm",
        "nixos-fhs-compat": "nixos-fhs-compat",
        "nixpkgs": "nixpkgs"
      }
    },
    "spectrum": {
      "flake": false,
      "locked": {
        "lastModified": 1778940603,
        "narHash": "sha256-voSM8dZNlaOWN3kbYFky+FNY6fFQOEw0xF+ZMpZKkCQ=",
        "ref": "refs/heads/main",
        "rev": "367dd227f539267eae2b62770b4c17b88ac8c1f1",
        "revCount": 1265,
        "type": "git",
        "url": "https://spectrum-os.org/git/spectrum"
      },
      "original": {
        "type": "git",
        "url": "https://spectrum-os.org/git/spectrum"
      }
    }
  },
  "root": "root",
  "version": 7
}
